context:
  value:
    category: "Category"
    tagline: "We have amazing things to say"
    introduction: "Lorem ipsum, dolor sit amet consectetur adipisicing elit. Maiores impedit perferendis suscipit eaque, iste dolor cupiditate blanditiis ratione."
    category_link_text: "More of the category"
    category_link_url: "https://example.com/category"
    teaser_links:
      - "dummy"
      - "dummy"
      - "dummy"

tags:
  pageurl:
    value.category_link_page as category_link_url:
      target_var: category_link_url
      raw: >
        http://example.com/category-teaser-link-block/
